
Microsoft Visual Studio Solution File, Format Version 12.00
# Visual Studio Version 17
VisualStudioVersion = 17.5.33502.453
MinimumVisualStudioVersion = 10.0.40219.1
Project("{FAE04EC0-301F-11D3-BF4B-00C04F79EFBC}") = "Tickets.Share", "Tickets.Share\Tickets.Share.csproj", "{9CA69D39-8401-463F-90A5-88CA97AE1810}"
EndProject
Project("{FAE04EC0-301F-11D3-BF4B-00C04F79EFBC}") = "Tickets.API", "Tickets.API\Tickets.API.csproj", "{C4714341-98D4-47FC-B3E3-B2D610166F94}"
EndProject
Project("{FAE04EC0-301F-11D3-BF4B-00C04F79EFBC}") = "Tickets.WEB", "Tickets.WEB\Tickets.WEB.csproj", "{9AD1FF36-CA6B-43BA-B91D-D5AC91C8D54D}"
EndProject
Global
	GlobalSection(SolutionConfigurationPlatforms) = preSolution
		Debug|Any CPU = Debug|Any CPU
		Release|Any CPU = Release|Any CPU
	EndGlobalSection
	GlobalSection(ProjectConfigurationPlatforms) = postSolution
		{9CA69D39-8401-463F-90A5-88CA97AE1810}.Debug|Any CPU.ActiveCfg = Debug|Any CPU
		{9CA69D39-8401-463F-90A5-88CA97AE1810}.Debug|Any CPU.Build.0 = Debug|Any CPU
		{9CA69D39-8401-463F-90A5-88CA97AE1810}.Release|Any CPU.ActiveCfg = Release|Any CPU
		{9CA69D39-8401-463F-90A5-88CA97AE1810}.Release|Any CPU.Build.0 = Release|Any CPU
		{C4714341-98D4-47FC-B3E3-B2D610166F94}.Debug|Any CPU.ActiveCfg = Debug|Any CPU
		{C4714341-98D4-47FC-B3E3-B2D610166F94}.Debug|Any CPU.Build.0 = Debug|Any CPU
		{C4714341-98D4-47FC-B3E3-B2D610166F94}.Release|Any CPU.ActiveCfg = Release|Any CPU
		{C4714341-98D4-47FC-B3E3-B2D610166F94}.Release|Any CPU.Build.0 = Release|Any CPU
		{9AD1FF36-CA6B-43BA-B91D-D5AC91C8D54D}.Debug|Any CPU.ActiveCfg = Debug|Any CPU
		{9AD1FF36-CA6B-43BA-B91D-D5AC91C8D54D}.Debug|Any CPU.Build.0 = Debug|Any CPU
		{9AD1FF36-CA6B-43BA-B91D-D5AC91C8D54D}.Release|Any CPU.ActiveCfg = Release|Any CPU
		{9AD1FF36-CA6B-43BA-B91D-D5AC91C8D54D}.Release|Any CPU.Build.0 = Release|Any CPU
	EndGlobalSection
	GlobalSection(SolutionProperties) = preSolution
		HideSolutionNode = FALSE
	EndGlobalSection
	GlobalSection(ExtensibilityGlobals) = postSolution
		SolutionGuid = {9F9A499E-D8CB-4BAD-BA8F-1AAAD8619A95}
	EndGlobalSection
EndGlobal
